{
  "name": "cryptocompare",
  "version": "1.0.0",
  "lockfileVersion": 1,
  "requires": true,
  "dependencies": {
    "datatables.net": {
      "version": "1.10.16",
      "resolved": "https://registry.npmjs.org/datatables.net/-/datatables.net-1.10.16.tgz",
      "integrity": "sha1-SwUtEIKCQmG2ju2dInQbcR09JGk=",
      "requires": {
        "jquery": "3.3.1"
      }
    },
    "datatables.net-bs": {
      "version": "1.10.16",
      "resolved": "https://registry.npmjs.org/datatables.net-bs/-/datatables.net-bs-1.10.16.tgz",
      "integrity": "sha1-sIVPWzdPcTrj20FWx86op2DD3nY=",
      "requires": {
        "datatables.net": "1.10.16",
        "jquery": "3.3.1"
      }
    },
    "datatables.net-responsive": {
      "version": "2.2.1",
      "resolved": "https://registry.npmjs.org/datatables.net-responsive/-/datatables.net-responsive-2.2.1.tgz",
      "integrity": "sha1-DLKbyCJRbGNdh2SWgvzYa6GEf+0=",
      "requires": {
        "datatables.net": "1.10.16",
        "jquery": "3.3.1"
      }
    },
    "datatables.net-responsive-bs": {
      "version": "2.2.1",
      "resolved": "https://registry.npmjs.org/datatables.net-responsive-bs/-/datatables.net-responsive-bs-2.2.1.tgz",
      "integrity": "sha1-/bY1+0muJ1leqW1b2IF6C1bhooY=",
      "requires": {
        "datatables.net-bs": "1.10.16",
        "datatables.net-responsive": "2.2.1",
        "jquery": "3.3.1"
      }
    },
    "jquery": {
      "version": "3.3.1",
      "resolved": "https://registry.npmjs.org/jquery/-/jquery-3.3.1.tgz",
      "integrity": "sha512-Ubldcmxp5np52/ENotGxlLe6aGMvmF4R8S6tZjsP6Knsaxd/xp3Zrh50cG93lR6nPXyUFwzN3ZSOQI0wRJNdGg=="
    },
    "vue-datatables": {
      "version": "0.1.4",
      "resolved": "https://registry.npmjs.org/vue-datatables/-/vue-datatables-0.1.4.tgz",
      "integrity": "sha1-y3e8aHCeDdB+9DrSNKCF+itUn+Y=",
      "requires": {
        "datatables.net": "1.10.16",
        "jquery": "3.3.1"
      }
    }
  }
}
